
Microsoft Visual Studio Solution File, Format Version 12.00
# Visual Studio Version 17
VisualStudioVersion = 17.6.33815.320
MinimumVisualStudioVersion = 10.0.40219.1
Project("{FAE04EC0-301F-11D3-BF4B-00C04F79EFBC}") = "Digital Clock", "Digital Clock\Digital Clock.csproj", "{FA753A86-172D-49B8-BD33-A535F180AF75}"
EndProject
Global
	GlobalSection(SolutionConfigurationPlatforms) = preSolution
		Debug|Any CPU = Debug|Any CPU
		Release|Any CPU = Release|Any CPU
	EndGlobalSection
	GlobalSection(ProjectConfigurationPlatforms) = postSolution
		{FA753A86-172D-49B8-BD33-A535F180AF75}.Debug|Any CPU.ActiveCfg = Debug|Any CPU
		{FA753A86-172D-49B8-BD33-A535F180AF75}.Debug|Any CPU.Build.0 = Debug|Any CPU
		{FA753A86-172D-49B8-BD33-A535F180AF75}.Release|Any CPU.ActiveCfg = Release|Any CPU
		{FA753A86-172D-49B8-BD33-A535F180AF75}.Release|Any CPU.Build.0 = Release|Any CPU
	EndGlobalSection
	GlobalSection(SolutionProperties) = preSolution
		HideSolutionNode = FALSE
	EndGlobalSection
	GlobalSection(ExtensibilityGlobals) = postSolution
		SolutionGuid = {7DA96365-2266-4F90-9CD6-1E44DCD013EB}
	EndGlobalSection
EndGlobal
